
Microsoft Visual Studio Solution File, Format Version 12.00
# Visual Studio Version 16
VisualStudioVersion = 16.0.30011.22
MinimumVisualStudioVersion = 10.0.40219.1
Project("{FAE04EC0-301F-11D3-BF4B-00C04F79EFBC}") = "MentoringTasks", "MentoringTasks.csproj", "{F821A3EC-8093-4641-98F2-215DFE38375F}"
EndProject
Global
	GlobalSection(SolutionConfigurationPlatforms) = preSolution
		Debug|Any CPU = Debug|Any CPU
		Release|Any CPU = Release|Any CPU
	EndGlobalSection
	GlobalSection(ProjectConfigurationPlatforms) = postSolution
		{F821A3EC-8093-4641-98F2-215DFE38375F}.Debug|Any CPU.ActiveCfg = Debug|Any CPU
		{F821A3EC-8093-4641-98F2-215DFE38375F}.Debug|Any CPU.Build.0 = Debug|Any CPU
		{F821A3EC-8093-4641-98F2-215DFE38375F}.Release|Any CPU.ActiveCfg = Release|Any CPU
		{F821A3EC-8093-4641-98F2-215DFE38375F}.Release|Any CPU.Build.0 = Release|Any CPU
	EndGlobalSection
	GlobalSection(SolutionProperties) = preSolution
		HideSolutionNode = FALSE
	EndGlobalSection
	GlobalSection(ExtensibilityGlobals) = postSolution
		SolutionGuid = {ED8B7A85-CD94-4698-80C6-4857B6EB4F00}
	EndGlobalSection
EndGlobal
